
Microsoft Visual Studio Solution File, Format Version 12.00
# Visual Studio Version 16
VisualStudioVersion = 16.0.29306.81
MinimumVisualStudioVersion = 10.0.40219.1
Project("{8BC9CEB8-8B4A-11D0-8D11-00A0C91BC942}") = "3.3", "3.3\3.3.vcxproj", "{C9930DBF-B680-4116-B5EE-AB4B6D9C9FFC}"
EndProject
Project("{8BC9CEB8-8B4A-11D0-8D11-00A0C91BC942}") = "3.1", "3.1\3.1.vcxproj", "{008C1352-CFE1-4AEB-BBEA-48892D79EA22}"
EndProject
Project("{8BC9CEB8-8B4A-11D0-8D11-00A0C91BC942}") = "3.2", "3.2\3.2.vcxproj", "{790B75E0-8FEA-4B02-AFEC-BE4185E0AAC7}"
EndProject
Global
	GlobalSection(SolutionConfigurationPlatforms) = preSolution
		Debug|x64 = Debug|x64
		Debug|x86 = Debug|x86
		Release|x64 = Release|x64
		Release|x86 = Release|x86
	EndGlobalSection
	GlobalSection(ProjectConfigurationPlatforms) = postSolution
		{C9930DBF-B680-4116-B5EE-AB4B6D9C9FFC}.Debug|x64.ActiveCfg = Debug|x64
		{C9930DBF-B680-4116-B5EE-AB4B6D9C9FFC}.Debug|x64.Build.0 = Debug|x64
		{C9930DBF-B680-4116-B5EE-AB4B6D9C9FFC}.Debug|x86.ActiveCfg = Debug|Win32
		{C9930DBF-B680-4116-B5EE-AB4B6D9C9FFC}.Debug|x86.Build.0 = Debug|Win32
		{C9930DBF-B680-4116-B5EE-AB4B6D9C9FFC}.Release|x64.ActiveCfg = Release|x64
		{C9930DBF-B680-4116-B5EE-AB4B6D9C9FFC}.Release|x64.Build.0 = Release|x64
		{C9930DBF-B680-4116-B5EE-AB4B6D9C9FFC}.Release|x86.ActiveCfg = Release|Win32
		{C9930DBF-B680-4116-B5EE-AB4B6D9C9FFC}.Release|x86.Build.0 = Release|Win32
		{008C1352-CFE1-4AEB-BBEA-48892D79EA22}.Debug|x64.ActiveCfg = Debug|x64
		{008C1352-CFE1-4AEB-BBEA-48892D79EA22}.Debug|x64.Build.0 = Debug|x64
		{008C1352-CFE1-4AEB-BBEA-48892D79EA22}.Debug|x86.ActiveCfg = Debug|Win32
		{008C1352-CFE1-4AEB-BBEA-48892D79EA22}.Debug|x86.Build.0 = Debug|Win32
		{008C1352-CFE1-4AEB-BBEA-48892D79EA22}.Release|x64.ActiveCfg = Release|x64
		{008C1352-CFE1-4AEB-BBEA-48892D79EA22}.Release|x64.Build.0 = Release|x64
		{008C1352-CFE1-4AEB-BBEA-48892D79EA22}.Release|x86.ActiveCfg = Release|Win32
		{008C1352-CFE1-4AEB-BBEA-48892D79EA22}.Release|x86.Build.0 = Release|Win32
		{790B75E0-8FEA-4B02-AFEC-BE4185E0AAC7}.Debug|x64.ActiveCfg = Debug|x64
		{790B75E0-8FEA-4B02-AFEC-BE4185E0AAC7}.Debug|x64.Build.0 = Debug|x64
		{790B75E0-8FEA-4B02-AFEC-BE4185E0AAC7}.Debug|x86.ActiveCfg = Debug|Win32
		{790B75E0-8FEA-4B02-AFEC-BE4185E0AAC7}.Debug|x86.Build.0 = Debug|Win32
		{790B75E0-8FEA-4B02-AFEC-BE4185E0AAC7}.Release|x64.ActiveCfg = Release|x64
		{790B75E0-8FEA-4B02-AFEC-BE4185E0AAC7}.Release|x64.Build.0 = Release|x64
		{790B75E0-8FEA-4B02-AFEC-BE4185E0AAC7}.Release|x86.ActiveCfg = Release|Win32
		{790B75E0-8FEA-4B02-AFEC-BE4185E0AAC7}.Release|x86.Build.0 = Release|Win32
	EndGlobalSection
	GlobalSection(SolutionProperties) = preSolution
		HideSolutionNode = FALSE
	EndGlobalSection
	GlobalSection(ExtensibilityGlobals) = postSolution
		SolutionGuid = {08B2370C-00C9-4F72-A123-6E1ED4B66101}
	EndGlobalSection
EndGlobal
