
Microsoft Visual Studio Solution File, Format Version 12.00
# Visual Studio Version 16
VisualStudioVersion = 16.0.30204.135
MinimumVisualStudioVersion = 10.0.40219.1
Project("{9A19103F-16F7-4668-BE54-9A1E7A4F7556}") = "Task2", "Task2\Task2.csproj", "{1847E54D-D940-42A5-8423-CB5AA42861A0}"
EndProject
Project("{FAE04EC0-301F-11D3-BF4B-00C04F79EFBC}") = "Task2Tests", "Task2Tests\Task2Tests.csproj", "{033FDFF1-6C1B-43B6-A21B-F7E70321B4A6}"
EndProject
Global
	GlobalSection(SolutionConfigurationPlatforms) = preSolution
		Debug|Any CPU = Debug|Any CPU
		Release|Any CPU = Release|Any CPU
	EndGlobalSection
	GlobalSection(ProjectConfigurationPlatforms) = postSolution
		{1847E54D-D940-42A5-8423-CB5AA42861A0}.Debug|Any CPU.ActiveCfg = Debug|Any CPU
		{1847E54D-D940-42A5-8423-CB5AA42861A0}.Debug|Any CPU.Build.0 = Debug|Any CPU
		{1847E54D-D940-42A5-8423-CB5AA42861A0}.Release|Any CPU.ActiveCfg = Release|Any CPU
		{1847E54D-D940-42A5-8423-CB5AA42861A0}.Release|Any CPU.Build.0 = Release|Any CPU
		{033FDFF1-6C1B-43B6-A21B-F7E70321B4A6}.Debug|Any CPU.ActiveCfg = Debug|Any CPU
		{033FDFF1-6C1B-43B6-A21B-F7E70321B4A6}.Debug|Any CPU.Build.0 = Debug|Any CPU
		{033FDFF1-6C1B-43B6-A21B-F7E70321B4A6}.Release|Any CPU.ActiveCfg = Release|Any CPU
		{033FDFF1-6C1B-43B6-A21B-F7E70321B4A6}.Release|Any CPU.Build.0 = Release|Any CPU
	EndGlobalSection
	GlobalSection(SolutionProperties) = preSolution
		HideSolutionNode = FALSE
	EndGlobalSection
	GlobalSection(ExtensibilityGlobals) = postSolution
		SolutionGuid = {FC1956E2-E3A2-48FE-B77D-0984280347B4}
	EndGlobalSection
EndGlobal
